// !$*UTF8*$!
{
	archiveVersion = 1;
	classes = {
	};
	objectVersion = 52;
	objects = {

/* Begin PBXBuildFile section */
		3E72081327E0469500A1E204 /* AboutViewController.swift in Sources */ = {isa = PBXBuildFile; fileRef = 3E72081227E0469500A1E204 /* AboutViewController.swift */; };
		3E72081827E051DF00A1E204 /* Enums.swift in Sources */ = {isa = PBXBuildFile; fileRef = 3E72081727E051DF00A1E204 /* Enums.swift */; };
		3E72081A27E061FA00A1E204 /* SplitViewController.swift in Sources */ = {isa = PBXBuildFile; fileRef = 3E72081927E061FA00A1E204 /* SplitViewController.swift */; };
		3E72081C27E06A7A00A1E204 /* SplitViewControllerDetail.swift in Sources */ = {isa = PBXBuildFile; fileRef = 3E72081B27E06A7A00A1E204 /* SplitViewControllerDetail.swift */; };
		3E72081E27E0709400A1E204 /* Extensions.swift in Sources */ = {isa = PBXBuildFile; fileRef = 3E72081D27E0709300A1E204 /* Extensions.swift */; };
		3E78432D27DB5379000CCF07 /* PcCheckUP.m in Sources */ = {isa = PBXBuildFile; fileRef = 3E78432C27DB5379000CCF07 /* PcCheckUP.m */; };
		3E92E63A27E1C53A0007884D /* Battery.swift in Sources */ = {isa = PBXBuildFile; fileRef = 3E92E63427E1C53A0007884D /* Battery.swift */; };
		3E92E63B27E1C53A0007884D /* Info.plist in Resources */ = {isa = PBXBuildFile; fileRef = 3E92E63527E1C53A0007884D /* Info.plist */; };
		3E92E63C27E1C53A0007884D /* IOReturn.swift in Sources */ = {isa = PBXBuildFile; fileRef = 3E92E63627E1C53A0007884D /* IOReturn.swift */; };
		3E92E63D27E1C53A0007884D /* Process.swift in Sources */ = {isa = PBXBuildFile; fileRef = 3E92E63727E1C53A0007884D /* Process.swift */; };
		3E92E63E27E1C53A0007884D /* System.swift in Sources */ = {isa = PBXBuildFile; fileRef = 3E92E63827E1C53A0007884D /* System.swift */; };
		3EAB927A27D86DFE0029C4C5 /* AppDelegate.swift in Sources */ = {isa = PBXBuildFile; fileRef = 3EAB927927D86DFE0029C4C5 /* AppDelegate.swift */; };
		3EAB927C27D86DFE0029C4C5 /* ViewController.swift in Sources */ = {isa = PBXBuildFile; fileRef = 3EAB927B27D86DFE0029C4C5 /* ViewController.swift */; };
		3EAB927F27D86DFE0029C4C5 /* PcCheckUP.xcdatamodeld in Sources */ = {isa = PBXBuildFile; fileRef = 3EAB927D27D86DFE0029C4C5 /* PcCheckUP.xcdatamodeld */; };
		3EAB928127D86E020029C4C5 /* Assets.xcassets in Resources */ = {isa = PBXBuildFile; fileRef = 3EAB928027D86E020029C4C5 /* Assets.xcassets */; };
		3EAB928427D86E020029C4C5 /* Main.storyboard in Resources */ = {isa = PBXBuildFile; fileRef = 3EAB928227D86E020029C4C5 /* Main.storyboard */; };
		3EAB928D27D87CE70029C4C5 /* SplitViewControllerForButtons.swift in Sources */ = {isa = PBXBuildFile; fileRef = 3EAB928C27D87CE70029C4C5 /* SplitViewControllerForButtons.swift */; };
		3EC9097327EAE744002B3A7C /* GraphViewController.swift in Sources */ = {isa = PBXBuildFile; fileRef = 3EC9097227EAE744002B3A7C /* GraphViewController.swift */; };
		FA29077328488FF100B505C1 /* Charts in Frameworks */ = {isa = PBXBuildFile; productRef = FA29077228488FF100B505C1 /* Charts */; };
		FA2907932848966900B505C1 /* GBDeviceInfo_OSX.m in Sources */ = {isa = PBXBuildFile; fileRef = FA2907822848966900B505C1 /* GBDeviceInfo_OSX.m */; };
		FA2907962848966900B505C1 /* GBDeviceInfo-Info.plist in Resources */ = {isa = PBXBuildFile; fileRef = FA29078D2848966900B505C1 /* GBDeviceInfo-Info.plist */; };
		FA2907972848966900B505C1 /* GBDeviceInfo_Common.m in Sources */ = {isa = PBXBuildFile; fileRef = FA2907902848966900B505C1 /* GBDeviceInfo_Common.m */; };
		FA2907982848966900B505C1 /* GBDeviceInfo_iOS.m in Sources */ = {isa = PBXBuildFile; fileRef = FA2907922848966900B505C1 /* GBDeviceInfo_iOS.m */; };
		FA29079E28489A5600B505C1 /* TinyConstraints in Frameworks */ = {isa = PBXBuildFile; productRef = FA29079D28489A5600B505C1 /* TinyConstraints */; };
/* End PBXBuildFile section */

/* Begin PBXFileReference section */
		3E72081227E0469500A1E204 /* AboutViewController.swift */ = {isa = PBXFileReference; lastKnownFileType = sourcecode.swift; name = AboutViewController.swift; path = PcCheckUP/ViewControllers/AboutViewController.swift; sourceTree = SOURCE_ROOT; };
		3E72081727E051DF00A1E204 /* Enums.swift */ = {isa = PBXFileReference; lastKnownFileType = sourcecode.swift; path = Enums.swift; sourceTree = "<group>"; };
		3E72081927E061FA00A1E204 /* SplitViewController.swift */ = {isa = PBXFileReference; lastKnownFileType = sourcecode.swift; path = SplitViewController.swift; sourceTree = "<group>"; };
		3E72081B27E06A7A00A1E204 /* SplitViewControllerDetail.swift */ = {isa = PBXFileReference; lastKnownFileType = sourcecode.swift; path = SplitViewControllerDetail.swift; sourceTree = "<group>"; };
		3E72081D27E0709300A1E204 /* Extensions.swift */ = {isa = PBXFileReference; lastKnownFileType = sourcecode.swift; path = Extensions.swift; sourceTree = "<group>"; };
		3E78432727DB4F83000CCF07 /* PCIDriverKit.framework */ = {isa = PBXFileReference; lastKnownFileType = wrapper.framework; name = PCIDriverKit.framework; path = System/Library/Frameworks/PCIDriverKit.framework; sourceTree = SDKROOT; };
		3E78432C27DB5379000CCF07 /* PcCheckUP.m */ = {isa = PBXFileReference; lastKnownFileType = sourcecode.c.objc; path = PcCheckUP.m; sourceTree = "<group>"; };
		3E78432E27DB53BB000CCF07 /* PcCheckUP-Bridging-Header.h */ = {isa = PBXFileReference; fileEncoding = 4; lastKnownFileType = sourcecode.c.h; path = "PcCheckUP-Bridging-Header.h"; sourceTree = "<group>"; };
		3E78433227DB642D000CCF07 /* DriverKit.framework */ = {isa = PBXFileReference; lastKnownFileType = wrapper.framework; name = DriverKit.framework; path = System/Library/Frameworks/DriverKit.framework; sourceTree = SDKROOT; };
		3E92E63427E1C53A0007884D /* Battery.swift */ = {isa = PBXFileReference; fileEncoding = 4; lastKnownFileType = sourcecode.swift; path = Battery.swift; sourceTree = "<group>"; };
		3E92E63527E1C53A0007884D /* Info.plist */ = {isa = PBXFileReference; fileEncoding = 4; lastKnownFileType = text.plist.xml; path = Info.plist; sourceTree = "<group>"; };
		3E92E63627E1C53A0007884D /* IOReturn.swift */ = {isa = PBXFileReference; fileEncoding = 4; lastKnownFileType = sourcecode.swift; path = IOReturn.swift; sourceTree = "<group>"; };
		3E92E63727E1C53A0007884D /* Process.swift */ = {isa = PBXFileReference; fileEncoding = 4; lastKnownFileType = sourcecode.swift; path = Process.swift; sourceTree = "<group>"; };
		3E92E63827E1C53A0007884D /* System.swift */ = {isa = PBXFileReference; fileEncoding = 4; lastKnownFileType = sourcecode.swift; path = System.swift; sourceTree = "<group>"; };
		3E92E63927E1C53A0007884D /* SystemKit.h */ = {isa = PBXFileReference; fileEncoding = 4; lastKnownFileType = sourcecode.c.h; path = SystemKit.h; sourceTree = "<group>"; };
		3EAB927627D86DFE0029C4C5 /* PcCheckUP.app */ = {isa = PBXFileReference; explicitFileType = wrapper.application; includeInIndex = 0; path = PcCheckUP.app; sourceTree = BUILT_PRODUCTS_DIR; };
		3EAB927927D86DFE0029C4C5 /* AppDelegate.swift */ = {isa = PBXFileReference; lastKnownFileType = sourcecode.swift; path = AppDelegate.swift; sourceTree = "<group>"; };
		3EAB927B27D86DFE0029C4C5 /* ViewController.swift */ = {isa = PBXFileReference; lastKnownFileType = sourcecode.swift; path = ViewController.swift; sourceTree = "<group>"; };
		3EAB927E27D86DFE0029C4C5 /* PcCheckUP.xcdatamodel */ = {isa = PBXFileReference; lastKnownFileType = wrapper.xcdatamodel; path = PcCheckUP.xcdatamodel; sourceTree = "<group>"; };
		3EAB928027D86E020029C4C5 /* Assets.xcassets */ = {isa = PBXFileReference; lastKnownFileType = folder.assetcatalog; path = Assets.xcassets; sourceTree = "<group>"; };
		3EAB928327D86E020029C4C5 /* Base */ = {isa = PBXFileReference; lastKnownFileType = file.storyboard; name = Base; path = Base.lproj/Main.storyboard; sourceTree = "<group>"; };
		3EAB928527D86E020029C4C5 /* Info.plist */ = {isa = PBXFileReference; lastKnownFileType = text.plist.xml; path = Info.plist; sourceTree = "<group>"; };
		3EAB928627D86E020029C4C5 /* PcCheckUP.entitlements */ = {isa = PBXFileReference; lastKnownFileType = text.plist.entitlements; path = PcCheckUP.entitlements; sourceTree = "<group>"; };
		3EAB928C27D87CE70029C4C5 /* SplitViewControllerForButtons.swift */ = {isa = PBXFileReference; lastKnownFileType = sourcecode.swift; path = SplitViewControllerForButtons.swift; sourceTree = "<group>"; };
		3EC9097227EAE744002B3A7C /* GraphViewController.swift */ = {isa = PBXFileReference; lastKnownFileType = sourcecode.swift; path = GraphViewController.swift; sourceTree = "<group>"; };
		79162F46A226C49194C58B6D /* Pods-PcCheckUP.debug.xcconfig */ = {isa = PBXFileReference; includeInIndex = 1; lastKnownFileType = text.xcconfig; name = "Pods-PcCheckUP.debug.xcconfig"; path = "Target Support Files/Pods-PcCheckUP/Pods-PcCheckUP.debug.xcconfig"; sourceTree = "<group>"; };
		8CD654FDCE6B55CD4C087D1A /* Pods-PcCheckUP.release.xcconfig */ = {isa = PBXFileReference; includeInIndex = 1; lastKnownFileType = text.xcconfig; name = "Pods-PcCheckUP.release.xcconfig"; path = "Target Support Files/Pods-PcCheckUP/Pods-PcCheckUP.release.xcconfig"; sourceTree = "<group>"; };
		EC8006FDF2D492FF4B2340BD /* Pods_PcCheckUP.framework */ = {isa = PBXFileReference; explicitFileType = wrapper.framework; includeInIndex = 0; path = Pods_PcCheckUP.framework; sourceTree = BUILT_PRODUCTS_DIR; };
		FA2907742848906E00B505C1 /* TinyConstraints.framework */ = {isa = PBXFileReference; explicitFileType = wrapper.framework; path = TinyConstraints.framework; sourceTree = BUILT_PRODUCTS_DIR; };
		FA290778284890DA00B505C1 /* GBDeviceInfo.framework */ = {isa = PBXFileReference; explicitFileType = wrapper.framework; path = GBDeviceInfo.framework; sourceTree = BUILT_PRODUCTS_DIR; };
		FA2907822848966900B505C1 /* GBDeviceInfo_OSX.m */ = {isa = PBXFileReference; fileEncoding = 4; lastKnownFileType = sourcecode.c.objc; path = GBDeviceInfo_OSX.m; sourceTree = "<group>"; };
		FA2907832848966900B505C1 /* GBDeviceInfo_Common.h */ = {isa = PBXFileReference; fileEncoding = 4; lastKnownFileType = sourcecode.c.h; path = GBDeviceInfo_Common.h; sourceTree = "<group>"; };
		FA2907842848966900B505C1 /* GBDeviceInfoTypes_Common.h */ = {isa = PBXFileReference; fileEncoding = 4; lastKnownFileType = sourcecode.c.h; path = GBDeviceInfoTypes_Common.h; sourceTree = "<group>"; };
		FA2907852848966900B505C1 /* GBDeviceInfoTypes_OSX.h */ = {isa = PBXFileReference; fileEncoding = 4; lastKnownFileType = sourcecode.c.h; path = GBDeviceInfoTypes_OSX.h; sourceTree = "<group>"; };
		FA2907862848966900B505C1 /* GBDeviceInfo_iOS.h */ = {isa = PBXFileReference; fileEncoding = 4; lastKnownFileType = sourcecode.c.h; path = GBDeviceInfo_iOS.h; sourceTree = "<group>"; };
		FA2907872848966900B505C1 /* GBDeviceInfo_OSX.h */ = {isa = PBXFileReference; fileEncoding = 4; lastKnownFileType = sourcecode.c.h; path = GBDeviceInfo_OSX.h; sourceTree = "<group>"; };
		FA2907882848966900B505C1 /* GBDeviceInfoTypes_iOS.h */ = {isa = PBXFileReference; fileEncoding = 4; lastKnownFileType = sourcecode.c.h; path = GBDeviceInfoTypes_iOS.h; sourceTree = "<group>"; };
		FA29078B2848966900B505C1 /* GBDeviceInfo.h */ = {isa = PBXFileReference; fileEncoding = 4; lastKnownFileType = sourcecode.c.h; path = GBDeviceInfo.h; sourceTree = "<group>"; };
		FA29078D2848966900B505C1 /* GBDeviceInfo-Info.plist */ = {isa = PBXFileReference; fileEncoding = 4; lastKnownFileType = text.plist.xml; path = "GBDeviceInfo-Info.plist"; sourceTree = "<group>"; };
		FA29078E2848966900B505C1 /* GBDeviceInfo.h */ = {isa = PBXFileReference; fileEncoding = 4; lastKnownFileType = sourcecode.c.h; path = GBDeviceInfo.h; sourceTree = "<group>"; };
		FA29078F2848966900B505C1 /* GBDeviceInfo_Subclass.h */ = {isa = PBXFileReference; fileEncoding = 4; lastKnownFileType = sourcecode.c.h; path = GBDeviceInfo_Subclass.h; sourceTree = "<group>"; };
		FA2907902848966900B505C1 /* GBDeviceInfo_Common.m */ = {isa = PBXFileReference; fileEncoding = 4; lastKnownFileType = sourcecode.c.objc; path = GBDeviceInfo_Common.m; sourceTree = "<group>"; };
		FA2907912848966900B505C1 /* GBDeviceInfoInterface.h */ = {isa = PBXFileReference; fileEncoding = 4; lastKnownFileType = sourcecode.c.h; path = GBDeviceInfoInterface.h; sourceTree = "<group>"; };
		FA2907922848966900B505C1 /* GBDeviceInfo_iOS.m */ = {isa = PBXFileReference; fileEncoding = 4; lastKnownFileType = sourcecode.c.objc; path = GBDeviceInfo_iOS.m; sourceTree = "<group>"; };
/* End PBXFileReference section */

/* Begin PBXFrameworksBuildPhase section */
		3EAB927327D86DFE0029C4C5 /* Frameworks */ = {
			isa = PBXFrameworksBuildPhase;
			buildActionMask = 2147483647;
			files = (
				FA29077328488FF100B505C1 /* Charts in Frameworks */,
				FA29079E28489A5600B505C1 /* TinyConstraints in Frameworks */,
			);
			runOnlyForDeploymentPostprocessing = 0;
		};
/* End PBXFrameworksBuildPhase section */

/* Begin PBXGroup section */
		3E72081427E0507600A1E204 /* ViewControllers */ = {
			isa = PBXGroup;
			children = (
				3E72081927E061FA00A1E204 /* SplitViewController.swift */,
				3EAB928C27D87CE70029C4C5 /* SplitViewControllerForButtons.swift */,
				3E72081B27E06A7A00A1E204 /* SplitViewControllerDetail.swift */,
				3EAB927B27D86DFE0029C4C5 /* ViewController.swift */,
				3E72081227E0469500A1E204 /* AboutViewController.swift */,
				3EC9097227EAE744002B3A7C /* GraphViewController.swift */,
			);
			path = ViewControllers;
			sourceTree = "<group>";
		};
		3E72081527E0508D00A1E204 /* StoryBoard */ = {
			isa = PBXGroup;
			children = (
				3EAB928227D86E020029C4C5 /* Main.storyboard */,
			);
			path = StoryBoard;
			sourceTree = "<group>";
		};
		3E72081627E051CA00A1E204 /* Common Files */ = {
			isa = PBXGroup;
			children = (
				3E72081727E051DF00A1E204 /* Enums.swift */,
				3E72081D27E0709300A1E204 /* Extensions.swift */,
			);
			path = "Common Files";
			sourceTree = "<group>";
		};
		3E92E63327E1C53A0007884D /* SystemKit */ = {
			isa = PBXGroup;
			children = (
				3E92E63427E1C53A0007884D /* Battery.swift */,
				3E92E63527E1C53A0007884D /* Info.plist */,
				3E92E63627E1C53A0007884D /* IOReturn.swift */,
				3E92E63727E1C53A0007884D /* Process.swift */,
				3E92E63827E1C53A0007884D /* System.swift */,
				3E92E63927E1C53A0007884D /* SystemKit.h */,
			);
			path = SystemKit;
			sourceTree = "<group>";
		};
		3EAB926D27D86DFE0029C4C5 = {
			isa = PBXGroup;
			children = (
				3EAB927827D86DFE0029C4C5 /* PcCheckUP */,
				3EAB927727D86DFE0029C4C5 /* Products */,
				80DEED380BFCA5A86C5FF511 /* Pods */,
				472D2891E990E3E485447F22 /* Frameworks */,
			);
			sourceTree = "<group>";
		};
		3EAB927727D86DFE0029C4C5 /* Products */ = {
			isa = PBXGroup;
			children = (
				3EAB927627D86DFE0029C4C5 /* PcCheckUP.app */,
			);
			name = Products;
			sourceTree = "<group>";
		};
		3EAB927827D86DFE0029C4C5 /* PcCheckUP */ = {
			isa = PBXGroup;
			children = (
				FA2907812848966900B505C1 /* GBDeviceInfo */,
				3E92E63327E1C53A0007884D /* SystemKit */,
				3E72081627E051CA00A1E204 /* Common Files */,
				3EAB927927D86DFE0029C4C5 /* AppDelegate.swift */,
				3E72081527E0508D00A1E204 /* StoryBoard */,
				3E72081427E0507600A1E204 /* ViewControllers */,
				3E78432E27DB53BB000CCF07 /* PcCheckUP-Bridging-Header.h */,
				3EAB928027D86E020029C4C5 /* Assets.xcassets */,
				3EAB928527D86E020029C4C5 /* Info.plist */,
				3EAB928627D86E020029C4C5 /* PcCheckUP.entitlements */,
				3EAB927D27D86DFE0029C4C5 /* PcCheckUP.xcdatamodeld */,
				3E78432C27DB5379000CCF07 /* PcCheckUP.m */,
			);
			path = PcCheckUP;
			sourceTree = "<group>";
		};
		472D2891E990E3E485447F22 /* Frameworks */ = {
			isa = PBXGroup;
			children = (
				FA290778284890DA00B505C1 /* GBDeviceInfo.framework */,
				FA2907742848906E00B505C1 /* TinyConstraints.framework */,
				3E78433227DB642D000CCF07 /* DriverKit.framework */,
				3E78432727DB4F83000CCF07 /* PCIDriverKit.framework */,
				EC8006FDF2D492FF4B2340BD /* Pods_PcCheckUP.framework */,
			);
			name = Frameworks;
			sourceTree = "<group>";
		};
		80DEED380BFCA5A86C5FF511 /* Pods */ = {
			isa = PBXGroup;
			children = (
				79162F46A226C49194C58B6D /* Pods-PcCheckUP.debug.xcconfig */,
				8CD654FDCE6B55CD4C087D1A /* Pods-PcCheckUP.release.xcconfig */,
			);
			path = Pods;
			sourceTree = "<group>";
		};
		FA2907812848966900B505C1 /* GBDeviceInfo */ = {
			isa = PBXGroup;
			children = (
				FA2907822848966900B505C1 /* GBDeviceInfo_OSX.m */,
				FA2907832848966900B505C1 /* GBDeviceInfo_Common.h */,
				FA2907842848966900B505C1 /* GBDeviceInfoTypes_Common.h */,
				FA2907852848966900B505C1 /* GBDeviceInfoTypes_OSX.h */,
				FA2907862848966900B505C1 /* GBDeviceInfo_iOS.h */,
				FA2907872848966900B505C1 /* GBDeviceInfo_OSX.h */,
				FA2907882848966900B505C1 /* GBDeviceInfoTypes_iOS.h */,
				FA29078B2848966900B505C1 /* GBDeviceInfo.h */,
				FA29078C2848966900B505C1 /* Supporting Files */,
				FA29078F2848966900B505C1 /* GBDeviceInfo_Subclass.h */,
				FA2907902848966900B505C1 /* GBDeviceInfo_Common.m */,
				FA2907912848966900B505C1 /* GBDeviceInfoInterface.h */,
				FA2907922848966900B505C1 /* GBDeviceInfo_iOS.m */,
			);
			path = GBDeviceInfo;
			sourceTree = "<group>";
		};
		FA29078C2848966900B505C1 /* Supporting Files */ = {
			isa = PBXGroup;
			children = (
				FA29078D2848966900B505C1 /* GBDeviceInfo-Info.plist */,
				FA29078E2848966900B505C1 /* GBDeviceInfo.h */,
			);
			path = "Supporting Files";
			sourceTree = "<group>";
		};
/* End PBXGroup section */

/* Begin PBXNativeTarget section */
		3EAB927527D86DFE0029C4C5 /* PcCheckUP */ = {
			isa = PBXNativeTarget;
			buildConfigurationList = 3EAB928927D86E020029C4C5 /* Build configuration list for PBXNativeTarget "PcCheckUP" */;
			buildPhases = (
				1355B741411836899513BFD7 /* [CP] Check Pods Manifest.lock */,
				3EAB927227D86DFE0029C4C5 /* Sources */,
				3EAB927327D86DFE0029C4C5 /* Frameworks */,
				3EAB927427D86DFE0029C4C5 /* Resources */,
			);
			buildRules = (
			);
			dependencies = (
			);
			name = PcCheckUP;
			packageProductDependencies = (
				FA29077228488FF100B505C1 /* Charts */,
				FA29079D28489A5600B505C1 /* TinyConstraints */,
			);
			productName = PcCheckUP;
			productReference = 3EAB927627D86DFE0029C4C5 /* PcCheckUP.app */;
			productType = "com.apple.product-type.application";
		};
/* End PBXNativeTarget section */

/* Begin PBXProject section */
		3EAB926E27D86DFE0029C4C5 /* Project object */ = {
			isa = PBXProject;
			attributes = {
				LastSwiftUpdateCheck = 1250;
				LastUpgradeCheck = 1250;
				TargetAttributes = {
					3EAB927527D86DFE0029C4C5 = {
						CreatedOnToolsVersion = 12.5;
						LastSwiftMigration = 1250;
					};
				};
			};
			buildConfigurationList = 3EAB927127D86DFE0029C4C5 /* Build configuration list for PBXProject "PcCheckUP" */;
			compatibilityVersion = "Xcode 9.3";
			developmentRegion = en;
			hasScannedForEncodings = 0;
			knownRegions = (
				en,
				Base,
			);
			mainGroup = 3EAB926D27D86DFE0029C4C5;
			packageReferences = (
				FA29077128488FF100B505C1 /* XCRemoteSwiftPackageReference "Charts" */,
				FA29079C28489A5600B505C1 /* XCRemoteSwiftPackageReference "TinyConstraints" */,
			);
			productRefGroup = 3EAB927727D86DFE0029C4C5 /* Products */;
			projectDirPath = "";
			projectRoot = "";
			targets = (
				3EAB927527D86DFE0029C4C5 /* PcCheckUP */,
			);
		};
/* End PBXProject section */

/* Begin PBXResourcesBuildPhase section */
		3EAB927427D86DFE0029C4C5 /* Resources */ = {
			isa = PBXResourcesBuildPhase;
			buildActionMask = 2147483647;
			files = (
				3EAB928127D86E020029C4C5 /* Assets.xcassets in Resources */,
				3EAB928427D86E020029C4C5 /* Main.storyboard in Resources */,
				FA2907962848966900B505C1 /* GBDeviceInfo-Info.plist in Resources */,
				3E92E63B27E1C53A0007884D /* Info.plist in Resources */,
			);
			runOnlyForDeploymentPostprocessing = 0;
		};
/* End PBXResourcesBuildPhase section */

/* Begin PBXShellScriptBuildPhase section */
		1355B741411836899513BFD7 /* [CP] Check Pods Manifest.lock */ = {
			isa = PBXShellScriptBuildPhase;
			buildActionMask = 2147483647;
			files = (
			);
			inputFileListPaths = (
			);
			inputPaths = (
				"${PODS_PODFILE_DIR_PATH}/Podfile.lock",
				"${PODS_ROOT}/Manifest.lock",
			);
			name = "[CP] Check Pods Manifest.lock";
			outputFileListPaths = (
			);
			outputPaths = (
				"$(DERIVED_FILE_DIR)/Pods-PcCheckUP-checkManifestLockResult.txt",
			);
			runOnlyForDeploymentPostprocessing = 0;
			shellPath = /bin/sh;
			shellScript = "diff \"${PODS_PODFILE_DIR_PATH}/Podfile.lock\" \"${PODS_ROOT}/Manifest.lock\" > /dev/null\nif [ $? != 0 ] ; then\n    # print error to STDERR\n    echo \"error: The sandbox is not in sync with the Podfile.lock. Run 'pod install' or update your CocoaPods installation.\" >&2\n    exit 1\nfi\n# This output is used by Xcode 'outputs' to avoid re-running this script phase.\necho \"SUCCESS\" > \"${SCRIPT_OUTPUT_FILE_0}\"\n";
			showEnvVarsInLog = 0;
		};
/* End PBXShellScriptBuildPhase section */

/* Begin PBXSourcesBuildPhase section */
		3EAB927227D86DFE0029C4C5 /* Sources */ = {
			isa = PBXSourcesBuildPhase;
			buildActionMask = 2147483647;
			files = (
				3E72081C27E06A7A00A1E204 /* SplitViewControllerDetail.swift in Sources */,
				3E72081327E0469500A1E204 /* AboutViewController.swift in Sources */,
				3E78432D27DB5379000CCF07 /* PcCheckUP.m in Sources */,
				FA2907972848966900B505C1 /* GBDeviceInfo_Common.m in Sources */,
				3EAB927C27D86DFE0029C4C5 /* ViewController.swift in Sources */,
				3EAB927A27D86DFE0029C4C5 /* AppDelegate.swift in Sources */,
				3E72081E27E0709400A1E204 /* Extensions.swift in Sources */,
				3EC9097327EAE744002B3A7C /* GraphViewController.swift in Sources */,
				FA2907982848966900B505C1 /* GBDeviceInfo_iOS.m in Sources */,
				3E92E63A27E1C53A0007884D /* Battery.swift in Sources */,
				3E72081827E051DF00A1E204 /* Enums.swift in Sources */,
				3E92E63E27E1C53A0007884D /* System.swift in Sources */,
				3EAB927F27D86DFE0029C4C5 /* PcCheckUP.xcdatamodeld in Sources */,
				FA2907932848966900B505C1 /* GBDeviceInfo_OSX.m in Sources */,
				3E92E63C27E1C53A0007884D /* IOReturn.swift in Sources */,
				3EAB928D27D87CE70029C4C5 /* SplitViewControllerForButtons.swift in Sources */,
				3E92E63D27E1C53A0007884D /* Process.swift in Sources */,
				3E72081A27E061FA00A1E204 /* SplitViewController.swift in Sources */,
			);
			runOnlyForDeploymentPostprocessing = 0;
		};
/* End PBXSourcesBuildPhase section */

/* Begin PBXVariantGroup section */
		3EAB928227D86E020029C4C5 /* Main.storyboard */ = {
			isa = PBXVariantGroup;
			children = (
				3EAB928327D86E020029C4C5 /* Base */,
			);
			name = Main.storyboard;
			sourceTree = "<group>";
		};
/* End PBXVariantGroup section */

/* Begin XCBuildConfiguration section */
		3EAB928727D86E020029C4C5 /* Debug */ = {
			isa = XCBuildConfiguration;
			buildSettings = {
				ALWAYS_SEARCH_USER_PATHS = NO;
				CLANG_ANALYZER_NONNULL = YES;
				CLANG_ANALYZER_NUMBER_OBJECT_CONVERSION = YES_AGGRESSIVE;
				CLANG_CXX_LANGUAGE_STANDARD = "gnu++14";
				CLANG_CXX_LIBRARY = "libc++";
				CLANG_ENABLE_MODULES = YES;
				CLANG_ENABLE_OBJC_ARC = YES;
				CLANG_ENABLE_OBJC_WEAK = YES;
				CLANG_WARN_BLOCK_CAPTURE_AUTORELEASING = YES;
				CLANG_WARN_BOOL_CONVERSION = YES;
				CLANG_WARN_COMMA = YES;
				CLANG_WARN_CONSTANT_CONVERSION = YES;
				CLANG_WARN_DEPRECATED_OBJC_IMPLEMENTATIONS = YES;
				CLANG_WARN_DIRECT_OBJC_ISA_USAGE = YES_ERROR;
				CLANG_WARN_DOCUMENTATION_COMMENTS = YES;
				CLANG_WARN_EMPTY_BODY = YES;
				CLANG_WARN_ENUM_CONVERSION = YES;
				CLANG_WARN_INFINITE_RECURSION = YES;
				CLANG_WARN_INT_CONVERSION = YES;
				CLANG_WARN_NON_LITERAL_NULL_CONVERSION = YES;
				CLANG_WARN_OBJC_IMPLICIT_RETAIN_SELF = YES;
				CLANG_WARN_OBJC_LITERAL_CONVERSION = YES;
				CLANG_WARN_OBJC_ROOT_CLASS = YES_ERROR;
				CLANG_WARN_QUOTED_INCLUDE_IN_FRAMEWORK_HEADER = YES;
				CLANG_WARN_RANGE_LOOP_ANALYSIS = YES;
				CLANG_WARN_STRICT_PROTOTYPES = YES;
				CLANG_WARN_SUSPICIOUS_MOVE = YES;
				CLANG_WARN_UNGUARDED_AVAILABILITY = YES_AGGRESSIVE;
				CLANG_WARN_UNREACHABLE_CODE = YES;
				CLANG_WARN__DUPLICATE_METHOD_MATCH = YES;
				COPY_PHASE_STRIP = NO;
				DEBUG_INFORMATION_FORMAT = dwarf;
				ENABLE_STRICT_OBJC_MSGSEND = YES;
				ENABLE_TESTABILITY = YES;
				GCC_C_LANGUAGE_STANDARD = gnu11;
				GCC_DYNAMIC_NO_PIC = NO;
				GCC_NO_COMMON_BLOCKS = YES;
				GCC_OPTIMIZATION_LEVEL = 0;
				GCC_PREPROCESSOR_DEFINITIONS = (
					"DEBUG=1",
					"$(inherited)",
				);
				GCC_WARN_64_TO_32_BIT_CONVERSION = YES;
				GCC_WARN_ABOUT_RETURN_TYPE = YES_ERROR;
				GCC_WARN_UNDECLARED_SELECTOR = YES;
				GCC_WARN_UNINITIALIZED_AUTOS = YES_AGGRESSIVE;
				GCC_WARN_UNUSED_FUNCTION = YES;
				GCC_WARN_UNUSED_VARIABLE = YES;
				MACOSX_DEPLOYMENT_TARGET = 11.3;
				MTL_ENABLE_DEBUG_INFO = INCLUDE_SOURCE;
				MTL_FAST_MATH = YES;
				ONLY_ACTIVE_ARCH = YES;
				SDKROOT = macosx;
				SWIFT_ACTIVE_COMPILATION_CONDITIONS = DEBUG;
				SWIFT_OPTIMIZATION_LEVEL = "-Onone";
			};
			name = Debug;
		};
		3EAB928827D86E020029C4C5 /* Release */ = {
			isa = XCBuildConfiguration;
			buildSettings = {
				ALWAYS_SEARCH_USER_PATHS = NO;
				CLANG_ANALYZER_NONNULL = YES;
				CLANG_ANALYZER_NUMBER_OBJECT_CONVERSION = YES_AGGRESSIVE;
				CLANG_CXX_LANGUAGE_STANDARD = "gnu++14";
				CLANG_CXX_LIBRARY = "libc++";
				CLANG_ENABLE_MODULES = YES;
				CLANG_ENABLE_OBJC_ARC = YES;
				CLANG_ENABLE_OBJC_WEAK = YES;
				CLANG_WARN_BLOCK_CAPTURE_AUTORELEASING = YES;
				CLANG_WARN_BOOL_CONVERSION = YES;
				CLANG_WARN_COMMA = YES;
				CLANG_WARN_CONSTANT_CONVERSION = YES;
				CLANG_WARN_DEPRECATED_OBJC_IMPLEMENTATIONS = YES;
				CLANG_WARN_DIRECT_OBJC_ISA_USAGE = YES_ERROR;
				CLANG_WARN_DOCUMENTATION_COMMENTS = YES;
				CLANG_WARN_EMPTY_BODY = YES;
				CLANG_WARN_ENUM_CONVERSION = YES;
				CLANG_WARN_INFINITE_RECURSION = YES;
				CLANG_WARN_INT_CONVERSION = YES;
				CLANG_WARN_NON_LITERAL_NULL_CONVERSION = YES;
				CLANG_WARN_OBJC_IMPLICIT_RETAIN_SELF = YES;
				CLANG_WARN_OBJC_LITERAL_CONVERSION = YES;
				CLANG_WARN_OBJC_ROOT_CLASS = YES_ERROR;
				CLANG_WARN_QUOTED_INCLUDE_IN_FRAMEWORK_HEADER = YES;
				CLANG_WARN_RANGE_LOOP_ANALYSIS = YES;
				CLANG_WARN_STRICT_PROTOTYPES = YES;
				CLANG_WARN_SUSPICIOUS_MOVE = YES;
				CLANG_WARN_UNGUARDED_AVAILABILITY = YES_AGGRESSIVE;
				CLANG_WARN_UNREACHABLE_CODE = YES;
				CLANG_WARN__DUPLICATE_METHOD_MATCH = YES;
				COPY_PHASE_STRIP = NO;
				DEBUG_INFORMATION_FORMAT = "dwarf-with-dsym";
				ENABLE_NS_ASSERTIONS = NO;
				ENABLE_STRICT_OBJC_MSGSEND = YES;
				GCC_C_LANGUAGE_STANDARD = gnu11;
				GCC_NO_COMMON_BLOCKS = YES;
				GCC_WARN_64_TO_32_BIT_CONVERSION = YES;
				GCC_WARN_ABOUT_RETURN_TYPE = YES_ERROR;
				GCC_WARN_UNDECLARED_SELECTOR = YES;
				GCC_WARN_UNINITIALIZED_AUTOS = YES_AGGRESSIVE;
				GCC_WARN_UNUSED_FUNCTION = YES;
				GCC_WARN_UNUSED_VARIABLE = YES;
				MACOSX_DEPLOYMENT_TARGET = 11.3;
				MTL_ENABLE_DEBUG_INFO = NO;
				MTL_FAST_MATH = YES;
				SDKROOT = macosx;
				SWIFT_COMPILATION_MODE = wholemodule;
				SWIFT_OPTIMIZATION_LEVEL = "-O";
			};
			name = Release;
		};
		3EAB928A27D86E020029C4C5 /* Debug */ = {
			isa = XCBuildConfiguration;
			baseConfigurationReference = 79162F46A226C49194C58B6D /* Pods-PcCheckUP.debug.xcconfig */;
			buildSettings = {
				ASSETCATALOG_COMPILER_APPICON_NAME = AppIcon;
				ASSETCATALOG_COMPILER_GLOBAL_ACCENT_COLOR_NAME = AccentColor;
				CLANG_ENABLE_MODULES = YES;
				CODE_SIGN_ENTITLEMENTS = PcCheckUP/PcCheckUP.entitlements;
				CODE_SIGN_IDENTITY = "-";
				CODE_SIGN_STYLE = Automatic;
				COMBINE_HIDPI_IMAGES = YES;
				DEVELOPMENT_TEAM = "";
				ENABLE_HARDENED_RUNTIME = YES;
				INFOPLIST_FILE = PcCheckUP/Info.plist;
				LD_RUNPATH_SEARCH_PATHS = (
					"$(inherited)",
					"@executable_path/../Frameworks",
				);
				PRODUCT_BUNDLE_IDENTIFIER = jp.co.uxd.PcCheckUP;
				PRODUCT_NAME = "$(TARGET_NAME)";
				SWIFT_OBJC_BRIDGING_HEADER = "PcCheckUP/PcCheckUP-Bridging-Header.h";
				SWIFT_OPTIMIZATION_LEVEL = "-Onone";
				SWIFT_VERSION = 5.0;
			};
			name = Debug;
		};
		3EAB928B27D86E020029C4C5 /* Release */ = {
			isa = XCBuildConfiguration;
			baseConfigurationReference = 8CD654FDCE6B55CD4C087D1A /* Pods-PcCheckUP.release.xcconfig */;
			buildSettings = {
				ASSETCATALOG_COMPILER_APPICON_NAME = AppIcon;
				ASSETCATALOG_COMPILER_GLOBAL_ACCENT_COLOR_NAME = AccentColor;
				CLANG_ENABLE_MODULES = YES;
				CODE_SIGN_ENTITLEMENTS = PcCheckUP/PcCheckUP.entitlements;
				CODE_SIGN_IDENTITY = "-";
				CODE_SIGN_STYLE = Automatic;
				COMBINE_HIDPI_IMAGES = YES;
				DEVELOPMENT_TEAM = "";
				ENABLE_HARDENED_RUNTIME = YES;
				INFOPLIST_FILE = PcCheckUP/Info.plist;
				LD_RUNPATH_SEARCH_PATHS = (
					"$(inherited)",
					"@executable_path/../Frameworks",
				);
				PRODUCT_BUNDLE_IDENTIFIER = jp.co.uxd.PcCheckUP;
				PRODUCT_NAME = "$(TARGET_NAME)";
				SWIFT_OBJC_BRIDGING_HEADER = "PcCheckUP/PcCheckUP-Bridging-Header.h";
				SWIFT_VERSION = 5.0;
			};
			name = Release;
		};
/* End XCBuildConfiguration section */

/* Begin XCConfigurationList section */
		3EAB927127D86DFE0029C4C5 /* Build configuration list for PBXProject "PcCheckUP" */ = {
			isa = XCConfigurationList;
			buildConfigurations = (
				3EAB928727D86E020029C4C5 /* Debug */,
				3EAB928827D86E020029C4C5 /* Release */,
			);
			defaultConfigurationIsVisible = 0;
			defaultConfigurationName = Release;
		};
		3EAB928927D86E020029C4C5 /* Build configuration list for PBXNativeTarget "PcCheckUP" */ = {
			isa = XCConfigurationList;
			buildConfigurations = (
				3EAB928A27D86E020029C4C5 /* Debug */,
				3EAB928B27D86E020029C4C5 /* Release */,
			);
			defaultConfigurationIsVisible = 0;
			defaultConfigurationName = Release;
		};
/* End XCConfigurationList section */

/* Begin XCRemoteSwiftPackageReference section */
		FA29077128488FF100B505C1 /* XCRemoteSwiftPackageReference "Charts" */ = {
			isa = XCRemoteSwiftPackageReference;
			repositoryURL = "https://github.com/danielgindi/Charts";
			requirement = {
				kind = exactVersion;
				version = 3.6.0;
			};
		};
		FA29079C28489A5600B505C1 /* XCRemoteSwiftPackageReference "TinyConstraints" */ = {
			isa = XCRemoteSwiftPackageReference;
			repositoryURL = "https://github.com/roberthein/TinyConstraints.git";
			requirement = {
				kind = exactVersion;
				version = 4.0.2;
			};
		};
/* End XCRemoteSwiftPackageReference section */

/* Begin XCSwiftPackageProductDependency section */
		FA29077228488FF100B505C1 /* Charts */ = {
			isa = XCSwiftPackageProductDependency;
			package = FA29077128488FF100B505C1 /* XCRemoteSwiftPackageReference "Charts" */;
			productName = Charts;
		};
		FA29079D28489A5600B505C1 /* TinyConstraints */ = {
			isa = XCSwiftPackageProductDependency;
			package = FA29079C28489A5600B505C1 /* XCRemoteSwiftPackageReference "TinyConstraints" */;
			productName = TinyConstraints;
		};
/* End XCSwiftPackageProductDependency section */

/* Begin XCVersionGroup section */
		3EAB927D27D86DFE0029C4C5 /* PcCheckUP.xcdatamodeld */ = {
			isa = XCVersionGroup;
			children = (
				3EAB927E27D86DFE0029C4C5 /* PcCheckUP.xcdatamodel */,
			);
			currentVersion = 3EAB927E27D86DFE0029C4C5 /* PcCheckUP.xcdatamodel */;
			path = PcCheckUP.xcdatamodeld;
			sourceTree = "<group>";
			versionGroupType = wrapper.xcdatamodel;
		};
/* End XCVersionGroup section */
	};
	rootObject = 3EAB926E27D86DFE0029C4C5 /* Project object */;
}
